
Microsoft Visual Studio Solution File, Format Version 12.00
# Visual Studio 15
VisualStudioVersion = 15.0.27130.2010
MinimumVisualStudioVersion = 10.0.40219.1
Project("{FAE04EC0-301F-11D3-BF4B-00C04F79EFBC}") = "M4Graphs.Wpf", "src\Wpf\M4Graphs.Wpf.csproj", "{D58D0B8A-3E09-40D0-933C-620CFB228179}"
EndProject
Project("{FAE04EC0-301F-11D3-BF4B-00C04F79EFBC}") = "M4GraphsTest", "test\M4GraphsTest\M4GraphsTest.csproj", "{EE4B73CC-7981-40CD-8F8A-3DF5929F58A0}"
EndProject
Project("{FAE04EC0-301F-11D3-BF4B-00C04F79EFBC}") = "M4Graphs.Core", "src\Core\M4Graphs.Core.csproj", "{B1B25CFE-D71D-4AA3-B339-2ED72FB85FD0}"
EndProject
Project("{FAE04EC0-301F-11D3-BF4B-00C04F79EFBC}") = "WpfTest", "test\WpfTest\WpfTest.csproj", "{54701582-4704-490D-9B65-DDEAA3523D90}"
EndProject
Project("{2150E333-8FDC-42A3-9474-1A3956D46DE8}") = "src", "src", "{84503D01-4EBF-4406-AF3A-A24131CE57B8}"
EndProject
Project("{2150E333-8FDC-42A3-9474-1A3956D46DE8}") = "test", "test", "{389B2919-9BBD-4D09-B076-42154CA54B67}"
EndProject
Project("{FAE04EC0-301F-11D3-BF4B-00C04F79EFBC}") = "M4Graphs.Generators", "src\Generators\M4Graphs.Generators.csproj", "{378EAD75-DB8D-4A1E-8B1A-9D274E190D5E}"
EndProject
Project("{FAE04EC0-301F-11D3-BF4B-00C04F79EFBC}") = "M4Graphs.Parsers", "src\Parsers\M4Graphs.Parsers.csproj", "{99369CCE-34C6-4CB8-B183-49AA36C8C323}"
EndProject
Global
	GlobalSection(SolutionConfigurationPlatforms) = preSolution
		Debug|Any CPU = Debug|Any CPU
		Release|Any CPU = Release|Any CPU
	EndGlobalSection
	GlobalSection(ProjectConfigurationPlatforms) = postSolution
		{D58D0B8A-3E09-40D0-933C-620CFB228179}.Debug|Any CPU.ActiveCfg = Debug|Any CPU
		{D58D0B8A-3E09-40D0-933C-620CFB228179}.Debug|Any CPU.Build.0 = Debug|Any CPU
		{D58D0B8A-3E09-40D0-933C-620CFB228179}.Release|Any CPU.ActiveCfg = Release|Any CPU
		{D58D0B8A-3E09-40D0-933C-620CFB228179}.Release|Any CPU.Build.0 = Release|Any CPU
		{EE4B73CC-7981-40CD-8F8A-3DF5929F58A0}.Debug|Any CPU.ActiveCfg = Debug|Any CPU
		{EE4B73CC-7981-40CD-8F8A-3DF5929F58A0}.Debug|Any CPU.Build.0 = Debug|Any CPU
		{EE4B73CC-7981-40CD-8F8A-3DF5929F58A0}.Release|Any CPU.ActiveCfg = Release|Any CPU
		{EE4B73CC-7981-40CD-8F8A-3DF5929F58A0}.Release|Any CPU.Build.0 = Release|Any CPU
		{B1B25CFE-D71D-4AA3-B339-2ED72FB85FD0}.Debug|Any CPU.ActiveCfg = Debug|Any CPU
		{B1B25CFE-D71D-4AA3-B339-2ED72FB85FD0}.Debug|Any CPU.Build.0 = Debug|Any CPU
		{B1B25CFE-D71D-4AA3-B339-2ED72FB85FD0}.Release|Any CPU.ActiveCfg = Release|Any CPU
		{B1B25CFE-D71D-4AA3-B339-2ED72FB85FD0}.Release|Any CPU.Build.0 = Release|Any CPU
		{54701582-4704-490D-9B65-DDEAA3523D90}.Debug|Any CPU.ActiveCfg = Debug|Any CPU
		{54701582-4704-490D-9B65-DDEAA3523D90}.Debug|Any CPU.Build.0 = Debug|Any CPU
		{54701582-4704-490D-9B65-DDEAA3523D90}.Release|Any CPU.ActiveCfg = Release|Any CPU
		{54701582-4704-490D-9B65-DDEAA3523D90}.Release|Any CPU.Build.0 = Release|Any CPU
		{378EAD75-DB8D-4A1E-8B1A-9D274E190D5E}.Debug|Any CPU.ActiveCfg = Debug|Any CPU
		{378EAD75-DB8D-4A1E-8B1A-9D274E190D5E}.Debug|Any CPU.Build.0 = Debug|Any CPU
		{378EAD75-DB8D-4A1E-8B1A-9D274E190D5E}.Release|Any CPU.ActiveCfg = Release|Any CPU
		{378EAD75-DB8D-4A1E-8B1A-9D274E190D5E}.Release|Any CPU.Build.0 = Release|Any CPU
		{99369CCE-34C6-4CB8-B183-49AA36C8C323}.Debug|Any CPU.ActiveCfg = Debug|Any CPU
		{99369CCE-34C6-4CB8-B183-49AA36C8C323}.Debug|Any CPU.Build.0 = Debug|Any CPU
		{99369CCE-34C6-4CB8-B183-49AA36C8C323}.Release|Any CPU.ActiveCfg = Release|Any CPU
		{99369CCE-34C6-4CB8-B183-49AA36C8C323}.Release|Any CPU.Build.0 = Release|Any CPU
	EndGlobalSection
	GlobalSection(SolutionProperties) = preSolution
		HideSolutionNode = FALSE
	EndGlobalSection
	GlobalSection(NestedProjects) = preSolution
		{D58D0B8A-3E09-40D0-933C-620CFB228179} = {84503D01-4EBF-4406-AF3A-A24131CE57B8}
		{EE4B73CC-7981-40CD-8F8A-3DF5929F58A0} = {389B2919-9BBD-4D09-B076-42154CA54B67}
		{B1B25CFE-D71D-4AA3-B339-2ED72FB85FD0} = {84503D01-4EBF-4406-AF3A-A24131CE57B8}
		{54701582-4704-490D-9B65-DDEAA3523D90} = {389B2919-9BBD-4D09-B076-42154CA54B67}
		{378EAD75-DB8D-4A1E-8B1A-9D274E190D5E} = {84503D01-4EBF-4406-AF3A-A24131CE57B8}
		{99369CCE-34C6-4CB8-B183-49AA36C8C323} = {84503D01-4EBF-4406-AF3A-A24131CE57B8}
	EndGlobalSection
	GlobalSection(ExtensibilityGlobals) = postSolution
		SolutionGuid = {024EC72B-A9C3-4966-90D4-0DC080EAE6DD}
	EndGlobalSection
EndGlobal
